// !$*UTF8*$!
{
	archiveVersion = 1;
	classes = {
	};
	objectVersion = 51;
	objects = {

/* Begin PBXBuildFile section */
		2EB5F1F324F19478007D127F /* SearchViewController.storyboard in Resources */ = {isa = PBXBuildFile; fileRef = 2EB5F1F224F19478007D127F /* SearchViewController.storyboard */; };
		2EB5F1F624F196D2007D127F /* UIViewController + Storyboard.swift in Sources */ = {isa = PBXBuildFile; fileRef = 2EB5F1F524F196D2007D127F /* UIViewController + Storyboard.swift */; };
		2EB8D6B924EA957200F9E4A4 /* AppDelegate.swift in Sources */ = {isa = PBXBuildFile; fileRef = 2EB8D6B824EA957200F9E4A4 /* AppDelegate.swift */; };
		2EB8D6BB24EA957200F9E4A4 /* SceneDelegate.swift in Sources */ = {isa = PBXBuildFile; fileRef = 2EB8D6BA24EA957200F9E4A4 /* SceneDelegate.swift */; };
		2EB8D6BD24EA957200F9E4A4 /* ViewController.swift in Sources */ = {isa = PBXBuildFile; fileRef = 2EB8D6BC24EA957200F9E4A4 /* ViewController.swift */; };
		2EB8D6C024EA957200F9E4A4 /* Main.storyboard in Resources */ = {isa = PBXBuildFile; fileRef = 2EB8D6BE24EA957200F9E4A4 /* Main.storyboard */; };
		2EB8D6C224EA957500F9E4A4 /* Assets.xcassets in Resources */ = {isa = PBXBuildFile; fileRef = 2EB8D6C124EA957500F9E4A4 /* Assets.xcassets */; };
		2EB8D6C524EA957500F9E4A4 /* LaunchScreen.storyboard in Resources */ = {isa = PBXBuildFile; fileRef = 2EB8D6C324EA957500F9E4A4 /* LaunchScreen.storyboard */; };
		2EB8D6CF24EA9D9400F9E4A4 /* SearchMusicViewController.swift in Sources */ = {isa = PBXBuildFile; fileRef = 2EB8D6CE24EA9D9400F9E4A4 /* SearchMusicViewController.swift */; };
		2EB8D6D124EA9FD700F9E4A4 /* MainTabBarController.swift in Sources */ = {isa = PBXBuildFile; fileRef = 2EB8D6D024EA9FD700F9E4A4 /* MainTabBarController.swift */; };
		2EC7DD0024F1430600BBD18A /* NetworkService.swift in Sources */ = {isa = PBXBuildFile; fileRef = 2EC7DCFF24F1430600BBD18A /* NetworkService.swift */; };
		2EC88CE424F1607C0020011E /* SearchPresenter.swift in Sources */ = {isa = PBXBuildFile; fileRef = 2EC88CDD24F1607C0020011E /* SearchPresenter.swift */; };
		2EC88CE524F1607C0020011E /* SearchWorker.swift in Sources */ = {isa = PBXBuildFile; fileRef = 2EC88CDE24F1607C0020011E /* SearchWorker.swift */; };
		2EC88CE624F1607C0020011E /* SearchRouter.swift in Sources */ = {isa = PBXBuildFile; fileRef = 2EC88CDF24F1607C0020011E /* SearchRouter.swift */; };
		2EC88CE724F1607C0020011E /* SearchModels.swift in Sources */ = {isa = PBXBuildFile; fileRef = 2EC88CE024F1607C0020011E /* SearchModels.swift */; };
		2EC88CE824F1607C0020011E /* SearchViewController.swift in Sources */ = {isa = PBXBuildFile; fileRef = 2EC88CE124F1607C0020011E /* SearchViewController.swift */; };
		2EC88CE924F1607C0020011E /* SearchInteractor.swift in Sources */ = {isa = PBXBuildFile; fileRef = 2EC88CE224F1607C0020011E /* SearchInteractor.swift */; };
		2EE67AD024EAAC80004C0493 /* .gitignore in Resources */ = {isa = PBXBuildFile; fileRef = 2EE67ACF24EAAC80004C0493 /* .gitignore */; };
		2EF433EC24ED801400ED63DD /* SearchResponse.swift in Sources */ = {isa = PBXBuildFile; fileRef = 2EF433EB24ED801400ED63DD /* SearchResponse.swift */; };
		F9EFDDCC4811471114510C3C /* Pods_iMusic.framework in Frameworks */ = {isa = PBXBuildFile; fileRef = 35CF970312A6E3684DFCEBC9 /* Pods_iMusic.framework */; };
/* End PBXBuildFile section */

/* Begin PBXFileReference section */
		2EB5F1F224F19478007D127F /* SearchViewController.storyboard */ = {isa = PBXFileReference; lastKnownFileType = file.storyboard; path = SearchViewController.storyboard; sourceTree = "<group>"; };
		2EB5F1F524F196D2007D127F /* UIViewController + Storyboard.swift */ = {isa = PBXFileReference; lastKnownFileType = sourcecode.swift; path = "UIViewController + Storyboard.swift"; sourceTree = "<group>"; };
		2EB8D6B524EA957200F9E4A4 /* iMusic.app */ = {isa = PBXFileReference; explicitFileType = wrapper.application; includeInIndex = 0; path = iMusic.app; sourceTree = BUILT_PRODUCTS_DIR; };
		2EB8D6B824EA957200F9E4A4 /* AppDelegate.swift */ = {isa = PBXFileReference; lastKnownFileType = sourcecode.swift; path = AppDelegate.swift; sourceTree = "<group>"; };
		2EB8D6BA24EA957200F9E4A4 /* SceneDelegate.swift */ = {isa = PBXFileReference; lastKnownFileType = sourcecode.swift; path = SceneDelegate.swift; sourceTree = "<group>"; };
		2EB8D6BC24EA957200F9E4A4 /* ViewController.swift */ = {isa = PBXFileReference; lastKnownFileType = sourcecode.swift; path = ViewController.swift; sourceTree = "<group>"; };
		2EB8D6BF24EA957200F9E4A4 /* Base */ = {isa = PBXFileReference; lastKnownFileType = file.storyboard; name = Base; path = Base.lproj/Main.storyboard; sourceTree = "<group>"; };
		2EB8D6C124EA957500F9E4A4 /* Assets.xcassets */ = {isa = PBXFileReference; lastKnownFileType = folder.assetcatalog; path = Assets.xcassets; sourceTree = "<group>"; };
		2EB8D6C424EA957500F9E4A4 /* Base */ = {isa = PBXFileReference; lastKnownFileType = file.storyboard; name = Base; path = Base.lproj/LaunchScreen.storyboard; sourceTree = "<group>"; };
		2EB8D6C624EA957500F9E4A4 /* Info.plist */ = {isa = PBXFileReference; lastKnownFileType = text.plist.xml; path = Info.plist; sourceTree = "<group>"; };
		2EB8D6CE24EA9D9400F9E4A4 /* SearchMusicViewController.swift */ = {isa = PBXFileReference; lastKnownFileType = sourcecode.swift; path = SearchMusicViewController.swift; sourceTree = "<group>"; };
		2EB8D6D024EA9FD700F9E4A4 /* MainTabBarController.swift */ = {isa = PBXFileReference; lastKnownFileType = sourcecode.swift; path = MainTabBarController.swift; sourceTree = "<group>"; };
		2EC7DCFF24F1430600BBD18A /* NetworkService.swift */ = {isa = PBXFileReference; lastKnownFileType = sourcecode.swift; path = NetworkService.swift; sourceTree = "<group>"; };
		2EC88CDD24F1607C0020011E /* SearchPresenter.swift */ = {isa = PBXFileReference; lastKnownFileType = sourcecode.swift; path = SearchPresenter.swift; sourceTree = "<group>"; };
		2EC88CDE24F1607C0020011E /* SearchWorker.swift */ = {isa = PBXFileReference; lastKnownFileType = sourcecode.swift; path = SearchWorker.swift; sourceTree = "<group>"; };
		2EC88CDF24F1607C0020011E /* SearchRouter.swift */ = {isa = PBXFileReference; lastKnownFileType = sourcecode.swift; path = SearchRouter.swift; sourceTree = "<group>"; };
		2EC88CE024F1607C0020011E /* SearchModels.swift */ = {isa = PBXFileReference; lastKnownFileType = sourcecode.swift; path = SearchModels.swift; sourceTree = "<group>"; };
		2EC88CE124F1607C0020011E /* SearchViewController.swift */ = {isa = PBXFileReference; lastKnownFileType = sourcecode.swift; path = SearchViewController.swift; sourceTree = "<group>"; };
		2EC88CE224F1607C0020011E /* SearchInteractor.swift */ = {isa = PBXFileReference; lastKnownFileType = sourcecode.swift; path = SearchInteractor.swift; sourceTree = "<group>"; };
		2EE67ACF24EAAC80004C0493 /* .gitignore */ = {isa = PBXFileReference; lastKnownFileType = text; path = .gitignore; sourceTree = "<group>"; };
		2EF433EB24ED801400ED63DD /* SearchResponse.swift */ = {isa = PBXFileReference; lastKnownFileType = sourcecode.swift; path = SearchResponse.swift; sourceTree = "<group>"; };
		35CF970312A6E3684DFCEBC9 /* Pods_iMusic.framework */ = {isa = PBXFileReference; explicitFileType = wrapper.framework; includeInIndex = 0; path = Pods_iMusic.framework; sourceTree = BUILT_PRODUCTS_DIR; };
		ACA053260DA5E85886C8540C /* Pods-iMusic.debug.xcconfig */ = {isa = PBXFileReference; includeInIndex = 1; lastKnownFileType = text.xcconfig; name = "Pods-iMusic.debug.xcconfig"; path = "Target Support Files/Pods-iMusic/Pods-iMusic.debug.xcconfig"; sourceTree = "<group>"; };
		DD77D7C867B45B783F2E4EF6 /* Pods-iMusic.release.xcconfig */ = {isa = PBXFileReference; includeInIndex = 1; lastKnownFileType = text.xcconfig; name = "Pods-iMusic.release.xcconfig"; path = "Target Support Files/Pods-iMusic/Pods-iMusic.release.xcconfig"; sourceTree = "<group>"; };
/* End PBXFileReference section */

/* Begin PBXFrameworksBuildPhase section */
		2EB8D6B224EA957200F9E4A4 /* Frameworks */ = {
			isa = PBXFrameworksBuildPhase;
			buildActionMask = 2147483647;
			files = (
				F9EFDDCC4811471114510C3C /* Pods_iMusic.framework in Frameworks */,
			);
			runOnlyForDeploymentPostprocessing = 0;
		};
/* End PBXFrameworksBuildPhase section */

/* Begin PBXGroup section */
		2EB5F1F424F196B3007D127F /* Helpers */ = {
			isa = PBXGroup;
			children = (
				2EB5F1F524F196D2007D127F /* UIViewController + Storyboard.swift */,
			);
			path = Helpers;
			sourceTree = "<group>";
		};
		2EB8D6AC24EA957200F9E4A4 = {
			isa = PBXGroup;
			children = (
				2EE67ACF24EAAC80004C0493 /* .gitignore */,
				2EB8D6B724EA957200F9E4A4 /* iMusic */,
				2EB8D6B624EA957200F9E4A4 /* Products */,
				E1C02482F30EFD024025CB40 /* Pods */,
				E85DB06FEF8C328943D04DCD /* Frameworks */,
			);
			sourceTree = "<group>";
		};
		2EB8D6B624EA957200F9E4A4 /* Products */ = {
			isa = PBXGroup;
			children = (
				2EB8D6B524EA957200F9E4A4 /* iMusic.app */,
			);
			name = Products;
			sourceTree = "<group>";
		};
		2EB8D6B724EA957200F9E4A4 /* iMusic */ = {
			isa = PBXGroup;
			children = (
				2EB8D6B824EA957200F9E4A4 /* AppDelegate.swift */,
				2EB8D6BA24EA957200F9E4A4 /* SceneDelegate.swift */,
				2EC88CD424F15E3C0020011E /* Services */,
				2EB8D6D024EA9FD700F9E4A4 /* MainTabBarController.swift */,
				2EC88CDC24F15FAF0020011E /* Search */,
				2EB8D6BC24EA957200F9E4A4 /* ViewController.swift */,
				2EB8D6CE24EA9D9400F9E4A4 /* SearchMusicViewController.swift */,
				2EB5F1F424F196B3007D127F /* Helpers */,
				2EF433EB24ED801400ED63DD /* SearchResponse.swift */,
				2EB8D6BE24EA957200F9E4A4 /* Main.storyboard */,
				2EB8D6C124EA957500F9E4A4 /* Assets.xcassets */,
				2EB8D6C324EA957500F9E4A4 /* LaunchScreen.storyboard */,
				2EB8D6C624EA957500F9E4A4 /* Info.plist */,
			);
			path = iMusic;
			sourceTree = "<group>";
		};
		2EC88CD424F15E3C0020011E /* Services */ = {
			isa = PBXGroup;
			children = (
				2EC7DCFF24F1430600BBD18A /* NetworkService.swift */,
			);
			path = Services;
			sourceTree = "<group>";
		};
		2EC88CDC24F15FAF0020011E /* Search */ = {
			isa = PBXGroup;
			children = (
				2EB5F1F224F19478007D127F /* SearchViewController.storyboard */,
				2EC88CE124F1607C0020011E /* SearchViewController.swift */,
				2EC88CE224F1607C0020011E /* SearchInteractor.swift */,
				2EC88CDD24F1607C0020011E /* SearchPresenter.swift */,
				2EC88CE024F1607C0020011E /* SearchModels.swift */,
				2EC88CDE24F1607C0020011E /* SearchWorker.swift */,
				2EC88CDF24F1607C0020011E /* SearchRouter.swift */,
			);
			name = Search;
			path = ..;
			sourceTree = "<group>";
		};
		E1C02482F30EFD024025CB40 /* Pods */ = {
			isa = PBXGroup;
			children = (
				ACA053260DA5E85886C8540C /* Pods-iMusic.debug.xcconfig */,
				DD77D7C867B45B783F2E4EF6 /* Pods-iMusic.release.xcconfig */,
			);
			path = Pods;
			sourceTree = "<group>";
		};
		E85DB06FEF8C328943D04DCD /* Frameworks */ = {
			isa = PBXGroup;
			children = (
				35CF970312A6E3684DFCEBC9 /* Pods_iMusic.framework */,
			);
			name = Frameworks;
			sourceTree = "<group>";
		};
/* End PBXGroup section */

/* Begin PBXNativeTarget section */
		2EB8D6B424EA957200F9E4A4 /* iMusic */ = {
			isa = PBXNativeTarget;
			buildConfigurationList = 2EB8D6C924EA957500F9E4A4 /* Build configuration list for PBXNativeTarget "iMusic" */;
			buildPhases = (
				D83704BCCAE04ED688F4D987 /* [CP] Check Pods Manifest.lock */,
				2EB8D6B124EA957200F9E4A4 /* Sources */,
				2EB8D6B224EA957200F9E4A4 /* Frameworks */,
				2EB8D6B324EA957200F9E4A4 /* Resources */,
				2F778F438719F4B9113FA416 /* [CP] Embed Pods Frameworks */,
			);
			buildRules = (
			);
			dependencies = (
			);
			name = iMusic;
			productName = iMusic;
			productReference = 2EB8D6B524EA957200F9E4A4 /* iMusic.app */;
			productType = "com.apple.product-type.application";
		};
/* End PBXNativeTarget section */

/* Begin PBXProject section */
		2EB8D6AD24EA957200F9E4A4 /* Project object */ = {
			isa = PBXProject;
			attributes = {
				LastSwiftUpdateCheck = 1160;
				LastUpgradeCheck = 1160;
				ORGANIZATIONNAME = "Alexander Pride";
				TargetAttributes = {
					2EB8D6B424EA957200F9E4A4 = {
						CreatedOnToolsVersion = 11.6;
					};
				};
			};
			buildConfigurationList = 2EB8D6B024EA957200F9E4A4 /* Build configuration list for PBXProject "iMusic" */;
			compatibilityVersion = "Xcode 9.3";
			developmentRegion = en;
			hasScannedForEncodings = 0;
			knownRegions = (
				en,
				Base,
			);
			mainGroup = 2EB8D6AC24EA957200F9E4A4;
			productRefGroup = 2EB8D6B624EA957200F9E4A4 /* Products */;
			projectDirPath = "";
			projectRoot = "";
			targets = (
				2EB8D6B424EA957200F9E4A4 /* iMusic */,
			);
		};
/* End PBXProject section */

/* Begin PBXResourcesBuildPhase section */
		2EB8D6B324EA957200F9E4A4 /* Resources */ = {
			isa = PBXResourcesBuildPhase;
			buildActionMask = 2147483647;
			files = (
				2EE67AD024EAAC80004C0493 /* .gitignore in Resources */,
				2EB8D6C524EA957500F9E4A4 /* LaunchScreen.storyboard in Resources */,
				2EB8D6C224EA957500F9E4A4 /* Assets.xcassets in Resources */,
				2EB8D6C024EA957200F9E4A4 /* Main.storyboard in Resources */,
				2EB5F1F324F19478007D127F /* SearchViewController.storyboard in Resources */,
			);
			runOnlyForDeploymentPostprocessing = 0;
		};
/* End PBXResourcesBuildPhase section */

/* Begin PBXShellScriptBuildPhase section */
		2F778F438719F4B9113FA416 /* [CP] Embed Pods Frameworks */ = {
			isa = PBXShellScriptBuildPhase;
			buildActionMask = 2147483647;
			files = (
			);
			inputFileListPaths = (
				"${PODS_ROOT}/Target Support Files/Pods-iMusic/Pods-iMusic-frameworks-${CONFIGURATION}-input-files.xcfilelist",
			);
			name = "[CP] Embed Pods Frameworks";
			outputFileListPaths = (
				"${PODS_ROOT}/Target Support Files/Pods-iMusic/Pods-iMusic-frameworks-${CONFIGURATION}-output-files.xcfilelist",
			);
			runOnlyForDeploymentPostprocessing = 0;
			shellPath = /bin/sh;
			shellScript = "\"${PODS_ROOT}/Target Support Files/Pods-iMusic/Pods-iMusic-frameworks.sh\"\n";
			showEnvVarsInLog = 0;
		};
		D83704BCCAE04ED688F4D987 /* [CP] Check Pods Manifest.lock */ = {
			isa = PBXShellScriptBuildPhase;
			buildActionMask = 2147483647;
			files = (
			);
			inputFileListPaths = (
			);
			inputPaths = (
				"${PODS_PODFILE_DIR_PATH}/Podfile.lock",
				"${PODS_ROOT}/Manifest.lock",
			);
			name = "[CP] Check Pods Manifest.lock";
			outputFileListPaths = (
			);
			outputPaths = (
				"$(DERIVED_FILE_DIR)/Pods-iMusic-checkManifestLockResult.txt",
			);
			runOnlyForDeploymentPostprocessing = 0;
			shellPath = /bin/sh;
			shellScript = "diff \"${PODS_PODFILE_DIR_PATH}/Podfile.lock\" \"${PODS_ROOT}/Manifest.lock\" > /dev/null\nif [ $? != 0 ] ; then\n    # print error to STDERR\n    echo \"error: The sandbox is not in sync with the Podfile.lock. Run 'pod install' or update your CocoaPods installation.\" >&2\n    exit 1\nfi\n# This output is used by Xcode 'outputs' to avoid re-running this script phase.\necho \"SUCCESS\" > \"${SCRIPT_OUTPUT_FILE_0}\"\n";
			showEnvVarsInLog = 0;
		};
/* End PBXShellScriptBuildPhase section */

/* Begin PBXSourcesBuildPhase section */
		2EB8D6B124EA957200F9E4A4 /* Sources */ = {
			isa = PBXSourcesBuildPhase;
			buildActionMask = 2147483647;
			files = (
				2EB8D6CF24EA9D9400F9E4A4 /* SearchMusicViewController.swift in Sources */,
				2EB5F1F624F196D2007D127F /* UIViewController + Storyboard.swift in Sources */,
				2EB8D6BD24EA957200F9E4A4 /* ViewController.swift in Sources */,
				2EF433EC24ED801400ED63DD /* SearchResponse.swift in Sources */,
				2EC88CE924F1607C0020011E /* SearchInteractor.swift in Sources */,
				2EB8D6D124EA9FD700F9E4A4 /* MainTabBarController.swift in Sources */,
				2EB8D6B924EA957200F9E4A4 /* AppDelegate.swift in Sources */,
				2EC88CE524F1607C0020011E /* SearchWorker.swift in Sources */,
				2EC88CE824F1607C0020011E /* SearchViewController.swift in Sources */,
				2EC88CE624F1607C0020011E /* SearchRouter.swift in Sources */,
				2EC88CE724F1607C0020011E /* SearchModels.swift in Sources */,
				2EB8D6BB24EA957200F9E4A4 /* SceneDelegate.swift in Sources */,
				2EC88CE424F1607C0020011E /* SearchPresenter.swift in Sources */,
				2EC7DD0024F1430600BBD18A /* NetworkService.swift in Sources */,
			);
			runOnlyForDeploymentPostprocessing = 0;
		};
/* End PBXSourcesBuildPhase section */

/* Begin PBXVariantGroup section */
		2EB8D6BE24EA957200F9E4A4 /* Main.storyboard */ = {
			isa = PBXVariantGroup;
			children = (
				2EB8D6BF24EA957200F9E4A4 /* Base */,
			);
			name = Main.storyboard;
			sourceTree = "<group>";
		};
		2EB8D6C324EA957500F9E4A4 /* LaunchScreen.storyboard */ = {
			isa = PBXVariantGroup;
			children = (
				2EB8D6C424EA957500F9E4A4 /* Base */,
			);
			name = LaunchScreen.storyboard;
			sourceTree = "<group>";
		};
/* End PBXVariantGroup section */

/* Begin XCBuildConfiguration section */
		2EB8D6C724EA957500F9E4A4 /* Debug */ = {
			isa = XCBuildConfiguration;
			buildSettings = {
				ALWAYS_SEARCH_USER_PATHS = NO;
				CLANG_ANALYZER_NONNULL = YES;
				CLANG_ANALYZER_NUMBER_OBJECT_CONVERSION = YES_AGGRESSIVE;
				CLANG_CXX_LANGUAGE_STANDARD = "gnu++14";
				CLANG_CXX_LIBRARY = "libc++";
				CLANG_ENABLE_MODULES = YES;
				CLANG_ENABLE_OBJC_ARC = YES;
				CLANG_ENABLE_OBJC_WEAK = YES;
				CLANG_WARN_BLOCK_CAPTURE_AUTORELEASING = YES;
				CLANG_WARN_BOOL_CONVERSION = YES;
				CLANG_WARN_COMMA = YES;
				CLANG_WARN_CONSTANT_CONVERSION = YES;
				CLANG_WARN_DEPRECATED_OBJC_IMPLEMENTATIONS = YES;
				CLANG_WARN_DIRECT_OBJC_ISA_USAGE = YES_ERROR;
				CLANG_WARN_DOCUMENTATION_COMMENTS = YES;
				CLANG_WARN_EMPTY_BODY = YES;
				CLANG_WARN_ENUM_CONVERSION = YES;
				CLANG_WARN_INFINITE_RECURSION = YES;
				CLANG_WARN_INT_CONVERSION = YES;
				CLANG_WARN_NON_LITERAL_NULL_CONVERSION = YES;
				CLANG_WARN_OBJC_IMPLICIT_RETAIN_SELF = YES;
				CLANG_WARN_OBJC_LITERAL_CONVERSION = YES;
				CLANG_WARN_OBJC_ROOT_CLASS = YES_ERROR;
				CLANG_WARN_RANGE_LOOP_ANALYSIS = YES;
				CLANG_WARN_STRICT_PROTOTYPES = YES;
				CLANG_WARN_SUSPICIOUS_MOVE = YES;
				CLANG_WARN_UNGUARDED_AVAILABILITY = YES_AGGRESSIVE;
				CLANG_WARN_UNREACHABLE_CODE = YES;
				CLANG_WARN__DUPLICATE_METHOD_MATCH = YES;
				COPY_PHASE_STRIP = NO;
				DEBUG_INFORMATION_FORMAT = dwarf;
				ENABLE_STRICT_OBJC_MSGSEND = YES;
				ENABLE_TESTABILITY = YES;
				GCC_C_LANGUAGE_STANDARD = gnu11;
				GCC_DYNAMIC_NO_PIC = NO;
				GCC_NO_COMMON_BLOCKS = YES;
				GCC_OPTIMIZATION_LEVEL = 0;
				GCC_PREPROCESSOR_DEFINITIONS = (
					"DEBUG=1",
					"$(inherited)",
				);
				GCC_WARN_64_TO_32_BIT_CONVERSION = YES;
				GCC_WARN_ABOUT_RETURN_TYPE = YES_ERROR;
				GCC_WARN_UNDECLARED_SELECTOR = YES;
				GCC_WARN_UNINITIALIZED_AUTOS = YES_AGGRESSIVE;
				GCC_WARN_UNUSED_FUNCTION = YES;
				GCC_WARN_UNUSED_VARIABLE = YES;
				IPHONEOS_DEPLOYMENT_TARGET = 13.6;
				MTL_ENABLE_DEBUG_INFO = INCLUDE_SOURCE;
				MTL_FAST_MATH = YES;
				ONLY_ACTIVE_ARCH = YES;
				SDKROOT = iphoneos;
				SWIFT_ACTIVE_COMPILATION_CONDITIONS = DEBUG;
				SWIFT_OPTIMIZATION_LEVEL = "-Onone";
			};
			name = Debug;
		};
		2EB8D6C824EA957500F9E4A4 /* Release */ = {
			isa = XCBuildConfiguration;
			buildSettings = {
				ALWAYS_SEARCH_USER_PATHS = NO;
				CLANG_ANALYZER_NONNULL = YES;
				CLANG_ANALYZER_NUMBER_OBJECT_CONVERSION = YES_AGGRESSIVE;
				CLANG_CXX_LANGUAGE_STANDARD = "gnu++14";
				CLANG_CXX_LIBRARY = "libc++";
				CLANG_ENABLE_MODULES = YES;
				CLANG_ENABLE_OBJC_ARC = YES;
				CLANG_ENABLE_OBJC_WEAK = YES;
				CLANG_WARN_BLOCK_CAPTURE_AUTORELEASING = YES;
				CLANG_WARN_BOOL_CONVERSION = YES;
				CLANG_WARN_COMMA = YES;
				CLANG_WARN_CONSTANT_CONVERSION = YES;
				CLANG_WARN_DEPRECATED_OBJC_IMPLEMENTATIONS = YES;
				CLANG_WARN_DIRECT_OBJC_ISA_USAGE = YES_ERROR;
				CLANG_WARN_DOCUMENTATION_COMMENTS = YES;
				CLANG_WARN_EMPTY_BODY = YES;
				CLANG_WARN_ENUM_CONVERSION = YES;
				CLANG_WARN_INFINITE_RECURSION = YES;
				CLANG_WARN_INT_CONVERSION = YES;
				CLANG_WARN_NON_LITERAL_NULL_CONVERSION = YES;
				CLANG_WARN_OBJC_IMPLICIT_RETAIN_SELF = YES;
				CLANG_WARN_OBJC_LITERAL_CONVERSION = YES;
				CLANG_WARN_OBJC_ROOT_CLASS = YES_ERROR;
				CLANG_WARN_RANGE_LOOP_ANALYSIS = YES;
				CLANG_WARN_STRICT_PROTOTYPES = YES;
				CLANG_WARN_SUSPICIOUS_MOVE = YES;
				CLANG_WARN_UNGUARDED_AVAILABILITY = YES_AGGRESSIVE;
				CLANG_WARN_UNREACHABLE_CODE = YES;
				CLANG_WARN__DUPLICATE_METHOD_MATCH = YES;
				COPY_PHASE_STRIP = NO;
				DEBUG_INFORMATION_FORMAT = "dwarf-with-dsym";
				ENABLE_NS_ASSERTIONS = NO;
				ENABLE_STRICT_OBJC_MSGSEND = YES;
				GCC_C_LANGUAGE_STANDARD = gnu11;
				GCC_NO_COMMON_BLOCKS = YES;
				GCC_WARN_64_TO_32_BIT_CONVERSION = YES;
				GCC_WARN_ABOUT_RETURN_TYPE = YES_ERROR;
				GCC_WARN_UNDECLARED_SELECTOR = YES;
				GCC_WARN_UNINITIALIZED_AUTOS = YES_AGGRESSIVE;
				GCC_WARN_UNUSED_FUNCTION = YES;
				GCC_WARN_UNUSED_VARIABLE = YES;
				IPHONEOS_DEPLOYMENT_TARGET = 13.6;
				MTL_ENABLE_DEBUG_INFO = NO;
				MTL_FAST_MATH = YES;
				SDKROOT = iphoneos;
				SWIFT_COMPILATION_MODE = wholemodule;
				SWIFT_OPTIMIZATION_LEVEL = "-O";
				VALIDATE_PRODUCT = YES;
			};
			name = Release;
		};
		2EB8D6CA24EA957500F9E4A4 /* Debug */ = {
			isa = XCBuildConfiguration;
			baseConfigurationReference = ACA053260DA5E85886C8540C /* Pods-iMusic.debug.xcconfig */;
			buildSettings = {
				ASSETCATALOG_COMPILER_APPICON_NAME = AppIcon;
				CODE_SIGN_STYLE = Automatic;
				DEVELOPMENT_TEAM = 2S52Q5VDX5;
				INFOPLIST_FILE = iMusic/Info.plist;
				LD_RUNPATH_SEARCH_PATHS = (
					"$(inherited)",
					"@executable_path/Frameworks",
				);
				PRODUCT_BUNDLE_IDENTIFIER = a.pride.iMusic;
				PRODUCT_NAME = "$(TARGET_NAME)";
				SWIFT_VERSION = 5.0;
				TARGETED_DEVICE_FAMILY = "1,2";
			};
			name = Debug;
		};
		2EB8D6CB24EA957500F9E4A4 /* Release */ = {
			isa = XCBuildConfiguration;
			baseConfigurationReference = DD77D7C867B45B783F2E4EF6 /* Pods-iMusic.release.xcconfig */;
			buildSettings = {
				ASSETCATALOG_COMPILER_APPICON_NAME = AppIcon;
				CODE_SIGN_STYLE = Automatic;
				DEVELOPMENT_TEAM = 2S52Q5VDX5;
				INFOPLIST_FILE = iMusic/Info.plist;
				LD_RUNPATH_SEARCH_PATHS = (
					"$(inherited)",
					"@executable_path/Frameworks",
				);
				PRODUCT_BUNDLE_IDENTIFIER = a.pride.iMusic;
				PRODUCT_NAME = "$(TARGET_NAME)";
				SWIFT_VERSION = 5.0;
				TARGETED_DEVICE_FAMILY = "1,2";
			};
			name = Release;
		};
/* End XCBuildConfiguration section */

/* Begin XCConfigurationList section */
		2EB8D6B024EA957200F9E4A4 /* Build configuration list for PBXProject "iMusic" */ = {
			isa = XCConfigurationList;
			buildConfigurations = (
				2EB8D6C724EA957500F9E4A4 /* Debug */,
				2EB8D6C824EA957500F9E4A4 /* Release */,
			);
			defaultConfigurationIsVisible = 0;
			defaultConfigurationName = Release;
		};
		2EB8D6C924EA957500F9E4A4 /* Build configuration list for PBXNativeTarget "iMusic" */ = {
			isa = XCConfigurationList;
			buildConfigurations = (
				2EB8D6CA24EA957500F9E4A4 /* Debug */,
				2EB8D6CB24EA957500F9E4A4 /* Release */,
			);
			defaultConfigurationIsVisible = 0;
			defaultConfigurationName = Release;
		};
/* End XCConfigurationList section */
	};
	rootObject = 2EB8D6AD24EA957200F9E4A4 /* Project object */;
}
